lockfileVersion: '9.0'

settings:
  autoInstallPeers: true
  excludeLinksFromLockfile: false

importers:

  .:
    dependencies:
      '@streamerbot/client':
        specifier: ^1.12.2
        version: 1.12.2
    devDependencies:
      typescript:
        specifier: ^5.0.0
        version: 5.9.3

packages:

  '@streamerbot/client@1.12.2':
    resolution: {integrity: sha512-DEdseGYzbDFeHL7gb3IrRc1eGBQ1EmnF+cmdRA7JPPHcA4n/CdZ59UK1JTNJQdV1+8A2s/P16MCRQKAoLBj49w==}

  bufferutil@4.1.0:
    resolution: {integrity: sha512-ZMANVnAixE6AWWnPzlW2KpUrxhm9woycYvPOo67jWHyFowASTEd9s+QN1EIMsSDtwhIxN4sWE1jotpuDUIgyIw==}
    engines: {node: '>=6.14.2'}

  node-gyp-build@4.8.4:
    resolution: {integrity: sha512-LA4ZjwlnUblHVgq0oBF3Jl/6h/Nvs5fzBLwdEF4nuxnFdsfajde4WfxtJr3CaiH+F6ewcIB/q4jQ4UzPyid+CQ==}
    hasBin: true

  typescript@5.9.3:
    resolution: {integrity: sha512-jl1vZzPDinLr9eUt3J/t7V6FgNEw9QjvBPdysz9KfQDD41fQrC2Y4vKQdiaUpFT4bXlb1RHhLpp8wtm6M5TgSw==}
    engines: {node: '>=14.17'}
    hasBin: true

  uncrypto@0.1.3:
    resolution: {integrity: sha512-Ql87qFHB3s/De2ClA9e0gsnS6zXG27SkTiSJwjCc9MebbfapQfuPzumMIUMi38ezPZVNFcHI9sUIepeQfw8J8Q==}

  ws@8.20.1:
    resolution: {integrity: sha512-It4dO0K5v//JtTXuPkfEOaI3uUN87iYPnqo/ZzqCoG3g8uhA66QUMs/SrM0YK7/NAu+r4LMh/9dq2A7k+rHs+w==}
    engines: {node: '>=10.0.0'}
    peerDependencies:
      bufferutil: ^4.0.1
      utf-8-validate: '>=5.0.2'
    peerDependenciesMeta:
      bufferutil:
        optional: true
      utf-8-validate:
        optional: true

snapshots:

  '@streamerbot/client@1.12.2':
    dependencies:
      bufferutil: 4.1.0
      uncrypto: 0.1.3
      ws: 8.20.1(bufferutil@4.1.0)
    transitivePeerDependencies:
      - utf-8-validate

  bufferutil@4.1.0:
    dependencies:
      node-gyp-build: 4.8.4

  node-gyp-build@4.8.4: {}

  typescript@5.9.3: {}

  uncrypto@0.1.3: {}

  ws@8.20.1(bufferutil@4.1.0):
    optionalDependencies:
      bufferutil: 4.1.0
